# This file is automatically @generated by Cargo.
# It is not intended for manual editing.
version = 4

[[package]]
name = "avif-rust"
version = "0.0.5"
dependencies = [
 "bin-rs",
]

[[package]]
name = "bin-rs"
version = "0.0.10"
source = "registry+https://github.com/rust-lang/crates.io-index"
checksum = "23f756521115a60a84bc45722261eaf03aa6a59d886c9c3b41d08ac1c39e3e24"
